// !$*UTF8*$!
{
	archiveVersion = 1;
	classes = {
	};
	objectVersion = 46;
	objects = {

/* Begin PBXBuildFile section */
		EDE8DC3614086F5C007AB6BF /* main.c in Sources */ = {isa = PBXBuildFile; fileRef = EDE8DC3514086F5C007AB6BF /* main.c */; };
		EDE8DC3E1408719D007AB6BF /* ApplicationServices.framework in Frameworks */ = {isa = PBXBuildFile; fileRef = EDE8DC3D1408719D007AB6BF /* ApplicationServices.framework */; };
/* End PBXBuildFile section */

/* Begin PBXCopyFilesBuildPhase section */
		EDE8DC2F14086F5C007AB6BF /* CopyFiles */ = {
			isa = PBXCopyFilesBuildPhase;
			buildActionMask = 2147483647;
			dstPath = /usr/share/man/man1/;
			dstSubfolderSpec = 0;
			files = (
			);
			runOnlyForDeploymentPostprocessing = 1;
		};
/* End PBXCopyFilesBuildPhase section */

/* Begin PBXFileReference section */
		EDE8DC3114086F5C007AB6BF /* screenresolution */ = {isa = PBXFileReference; explicitFileType = "compiled.mach-o.executable"; includeInIndex = 0; path = screenresolution; sourceTree = BUILT_PRODUCTS_DIR; };
		EDE8DC3514086F5C007AB6BF /* main.c */ = {isa = PBXFileReference; lastKnownFileType = sourcecode.c.c; path = main.c; sourceTree = "<group>"; };
		EDE8DC3714086F5C007AB6BF /* screenresolution.1 */ = {isa = PBXFileReference; lastKnownFileType = text.man; path = screenresolution.1; sourceTree = "<group>"; };
		EDE8DC3D1408719D007AB6BF /* ApplicationServices.framework */ = {isa = PBXFileReference; lastKnownFileType = wrapper.framework; name = ApplicationServices.framework; path = System/Library/Frameworks/ApplicationServices.framework; sourceTree = SDKROOT; };
/* End PBXFileReference section */

/* Begin PBXFrameworksBuildPhase section */
		EDE8DC2E14086F5C007AB6BF /* Frameworks */ = {
			isa = PBXFrameworksBuildPhase;
			buildActionMask = 2147483647;
			files = (
				EDE8DC3E1408719D007AB6BF /* ApplicationServices.framework in Frameworks */,
			);
			runOnlyForDeploymentPostprocessing = 0;
		};
/* End PBXFrameworksBuildPhase section */

/* Begin PBXGroup section */
		EDE8DC2614086F5C007AB6BF = {
			isa = PBXGroup;
			children = (
				EDE8DC3D1408719D007AB6BF /* ApplicationServices.framework */,
				EDE8DC3414086F5C007AB6BF /* screenresolution */,
				EDE8DC3214086F5C007AB6BF /* Products */,
			);
			sourceTree = "<group>";
		};
		EDE8DC3214086F5C007AB6BF /* Products */ = {
			isa = PBXGroup;
			children = (
				EDE8DC3114086F5C007AB6BF /* screenresolution */,
			);
			name = Products;
			sourceTree = "<group>";
		};
		EDE8DC3414086F5C007AB6BF /* screenresolution */ = {
			isa = PBXGroup;
			children = (
				EDE8DC3514086F5C007AB6BF /* main.c */,
				EDE8DC3714086F5C007AB6BF /* screenresolution.1 */,
			);
			path = screenresolution;
			sourceTree = "<group>";
		};
/* End PBXGroup section */

/* Begin PBXNativeTarget section */
		EDE8DC3014086F5C007AB6BF /* screenresolution */ = {
			isa = PBXNativeTarget;
			buildConfigurationList = EDE8DC3A14086F5C007AB6BF /* Build configuration list for PBXNativeTarget "screenresolution" */;
			buildPhases = (
				EDE8DC2D14086F5C007AB6BF /* Sources */,
				EDE8DC2E14086F5C007AB6BF /* Frameworks */,
				EDE8DC2F14086F5C007AB6BF /* CopyFiles */,
			);
			buildRules = (
			);
			dependencies = (
			);
			name = screenresolution;
			productName = screenresolution;
			productReference = EDE8DC3114086F5C007AB6BF /* screenresolution */;
			productType = "com.apple.product-type.tool";
		};
/* End PBXNativeTarget section */

/* Begin PBXProject section */
		EDE8DC2814086F5C007AB6BF /* Project object */ = {
			isa = PBXProject;
			buildConfigurationList = EDE8DC2B14086F5C007AB6BF /* Build configuration list for PBXProject "screenresolution" */;
			compatibilityVersion = "Xcode 3.2";
			developmentRegion = English;
			hasScannedForEncodings = 0;
			knownRegions = (
				en,
			);
			mainGroup = EDE8DC2614086F5C007AB6BF;
			productRefGroup = EDE8DC3214086F5C007AB6BF /* Products */;
			projectDirPath = "";
			projectRoot = "";
			targets = (
				EDE8DC3014086F5C007AB6BF /* screenresolution */,
			);
		};
/* End PBXProject section */

/* Begin PBXSourcesBuildPhase section */
		EDE8DC2D14086F5C007AB6BF /* Sources */ = {
			isa = PBXSourcesBuildPhase;
			buildActionMask = 2147483647;
			files = (
				EDE8DC3614086F5C007AB6BF /* main.c in Sources */,
			);
			runOnlyForDeploymentPostprocessing = 0;
		};
/* End PBXSourcesBuildPhase section */

/* Begin XCBuildConfiguration section */
		EDE8DC3814086F5C007AB6BF /* Debug */ = {
			isa = XCBuildConfiguration;
			buildSettings = {
				ARCHS = "$(ARCHS_STANDARD_32_64_BIT)";
				GCC_C_LANGUAGE_STANDARD = gnu99;
				GCC_OPTIMIZATION_LEVEL = 0;
				GCC_PREPROCESSOR_DEFINITIONS = DEBUG;
				GCC_SYMBOLS_PRIVATE_EXTERN = NO;
				GCC_VERSION = com.apple.compilers.llvm.clang.1_0;
				GCC_WARN_64_TO_32_BIT_CONVERSION = YES;
				GCC_WARN_ABOUT_RETURN_TYPE = YES;
				GCC_WARN_UNUSED_VARIABLE = YES;
				MACOSX_DEPLOYMENT_TARGET = 10.6;
				ONLY_ACTIVE_ARCH = YES;
				SDKROOT = macosx;
			};
			name = Debug;
		};
		EDE8DC3914086F5C007AB6BF /* Release */ = {
			isa = XCBuildConfiguration;
			buildSettings = {
				ARCHS = "$(ARCHS_STANDARD_32_64_BIT)";
				GCC_C_LANGUAGE_STANDARD = gnu99;
				GCC_VERSION = com.apple.compilers.llvm.clang.1_0;
				GCC_WARN_64_TO_32_BIT_CONVERSION = YES;
				GCC_WARN_ABOUT_RETURN_TYPE = YES;
				GCC_WARN_UNUSED_VARIABLE = YES;
				MACOSX_DEPLOYMENT_TARGET = 10.6;
				ONLY_ACTIVE_ARCH = NO;
				SDKROOT = macosx;
			};
			name = Release;
		};
		EDE8DC3B14086F5C007AB6BF /* Debug */ = {
			isa = XCBuildConfiguration;
			buildSettings = {
				ALWAYS_SEARCH_USER_PATHS = NO;
				COPY_PHASE_STRIP = NO;
				GCC_DYNAMIC_NO_PIC = NO;
				GCC_ENABLE_OBJC_EXCEPTIONS = YES;
				PRODUCT_NAME = "$(TARGET_NAME)";
			};
			name = Debug;
		};
		EDE8DC3C14086F5C007AB6BF /* Release */ = {
			isa = XCBuildConfiguration;
			buildSettings = {
				ALWAYS_SEARCH_USER_PATHS = NO;
				COPY_PHASE_STRIP = YES;
				DEBUG_INFORMATION_FORMAT = "dwarf-with-dsym";
				GCC_ENABLE_OBJC_EXCEPTIONS = YES;
				PRODUCT_NAME = "$(TARGET_NAME)";
			};
			name = Release;
		};
/* End XCBuildConfiguration section */

/* Begin XCConfigurationList section */
		EDE8DC2B14086F5C007AB6BF /* Build configuration list for PBXProject "screenresolution" */ = {
			isa = XCConfigurationList;
			buildConfigurations = (
				EDE8DC3814086F5C007AB6BF /* Debug */,
				EDE8DC3914086F5C007AB6BF /* Release */,
			);
			defaultConfigurationIsVisible = 0;
			defaultConfigurationName = Debug;
		};
		EDE8DC3A14086F5C007AB6BF /* Build configuration list for PBXNativeTarget "screenresolution" */ = {
			isa = XCConfigurationList;
			buildConfigurations = (
				EDE8DC3B14086F5C007AB6BF /* Debug */,
				EDE8DC3C14086F5C007AB6BF /* Release */,
			);
			defaultConfigurationIsVisible = 0;
			defaultConfigurationName = Debug;
		};
/* End XCConfigurationList section */
	};
	rootObject = EDE8DC2814086F5C007AB6BF /* Project object */;
}
